
Microsoft Visual Studio Solution File, Format Version 12.00
# Visual Studio Version 16
VisualStudioVersion = 16.0.30717.126
MinimumVisualStudioVersion = 10.0.40219.1
Project("{8BC9CEB8-8B4A-11D0-8D11-00A0C91BC942}") = "Test", "Test\Test.vcxproj", "{1181AE78-9613-475D-8663-0BFE5085C9E4}"
EndProject
Global
	GlobalSection(SolutionConfigurationPlatforms) = preSolution
		Debug|x64 = Debug|x64
		Debug|x86 = Debug|x86
		Release|x64 = Release|x64
		Release|x86 = Release|x86
	EndGlobalSection
	GlobalSection(ProjectConfigurationPlatforms) = postSolution
		{1181AE78-9613-475D-8663-0BFE5085C9E4}.Debug|x64.ActiveCfg = Debug|x64
		{1181AE78-9613-475D-8663-0BFE5085C9E4}.Debug|x64.Build.0 = Debug|x64
		{1181AE78-9613-475D-8663-0BFE5085C9E4}.Debug|x86.ActiveCfg = Debug|Win32
		{1181AE78-9613-475D-8663-0BFE5085C9E4}.Debug|x86.Build.0 = Debug|Win32
		{1181AE78-9613-475D-8663-0BFE5085C9E4}.Release|x64.ActiveCfg = Release|x64
		{1181AE78-9613-475D-8663-0BFE5085C9E4}.Release|x64.Build.0 = Release|x64
		{1181AE78-9613-475D-8663-0BFE5085C9E4}.Release|x86.ActiveCfg = Release|Win32
		{1181AE78-9613-475D-8663-0BFE5085C9E4}.Release|x86.Build.0 = Release|Win32
	EndGlobalSection
	GlobalSection(SolutionProperties) = preSolution
		HideSolutionNode = FALSE
	EndGlobalSection
	GlobalSection(ExtensibilityGlobals) = postSolution
		SolutionGuid = {E77CF4D4-597E-41ED-8A39-2BDF96280E12}
	EndGlobalSection
EndGlobal
