
Microsoft Visual Studio Solution File, Format Version 12.00
# Visual Studio Version 16
VisualStudioVersion = 16.0.29230.47
MinimumVisualStudioVersion = 10.0.40219.1
Project("{8BC9CEB8-8B4A-11D0-8D11-00A0C91BC942}") = "Задача 1.1", "Задача 1.1\Задача 1.1.vcxproj", "{2E801ED6-8700-4C4B-845A-B9F4C03113F9}"
EndProject
Global
	GlobalSection(SolutionConfigurationPlatforms) = preSolution
		Debug|x64 = Debug|x64
		Debug|x86 = Debug|x86
		Release|x64 = Release|x64
		Release|x86 = Release|x86
	EndGlobalSection
	GlobalSection(ProjectConfigurationPlatforms) = postSolution
		{2E801ED6-8700-4C4B-845A-B9F4C03113F9}.Debug|x64.ActiveCfg = Debug|x64
		{2E801ED6-8700-4C4B-845A-B9F4C03113F9}.Debug|x64.Build.0 = Debug|x64
		{2E801ED6-8700-4C4B-845A-B9F4C03113F9}.Debug|x86.ActiveCfg = Debug|Win32
		{2E801ED6-8700-4C4B-845A-B9F4C03113F9}.Debug|x86.Build.0 = Debug|Win32
		{2E801ED6-8700-4C4B-845A-B9F4C03113F9}.Release|x64.ActiveCfg = Release|x64
		{2E801ED6-8700-4C4B-845A-B9F4C03113F9}.Release|x64.Build.0 = Release|x64
		{2E801ED6-8700-4C4B-845A-B9F4C03113F9}.Release|x86.ActiveCfg = Release|Win32
		{2E801ED6-8700-4C4B-845A-B9F4C03113F9}.Release|x86.Build.0 = Release|Win32
	EndGlobalSection
	GlobalSection(SolutionProperties) = preSolution
		HideSolutionNode = FALSE
	EndGlobalSection
	GlobalSection(ExtensibilityGlobals) = postSolution
		SolutionGuid = {06948F2C-7C55-4C5E-8432-AF35AFBDDF5E}
	EndGlobalSection
EndGlobal
