
Microsoft Visual Studio Solution File, Format Version 12.00
# Visual Studio Version 16
VisualStudioVersion = 16.0.30717.126
MinimumVisualStudioVersion = 10.0.40219.1
Project("{8BC9CEB8-8B4A-11D0-8D11-00A0C91BC942}") = "TestWork", "TestWork\TestWork.vcxproj", "{36226176-C29D-466B-974B-0DC76798DFDE}"
EndProject
Global
	GlobalSection(SolutionConfigurationPlatforms) = preSolution
		Debug|x64 = Debug|x64
		Debug|x86 = Debug|x86
		Release|x64 = Release|x64
		Release|x86 = Release|x86
	EndGlobalSection
	GlobalSection(ProjectConfigurationPlatforms) = postSolution
		{36226176-C29D-466B-974B-0DC76798DFDE}.Debug|x64.ActiveCfg = Debug|x64
		{36226176-C29D-466B-974B-0DC76798DFDE}.Debug|x64.Build.0 = Debug|x64
		{36226176-C29D-466B-974B-0DC76798DFDE}.Debug|x86.ActiveCfg = Debug|Win32
		{36226176-C29D-466B-974B-0DC76798DFDE}.Debug|x86.Build.0 = Debug|Win32
		{36226176-C29D-466B-974B-0DC76798DFDE}.Release|x64.ActiveCfg = Release|x64
		{36226176-C29D-466B-974B-0DC76798DFDE}.Release|x64.Build.0 = Release|x64
		{36226176-C29D-466B-974B-0DC76798DFDE}.Release|x86.ActiveCfg = Release|Win32
		{36226176-C29D-466B-974B-0DC76798DFDE}.Release|x86.Build.0 = Release|Win32
	EndGlobalSection
	GlobalSection(SolutionProperties) = preSolution
		HideSolutionNode = FALSE
	EndGlobalSection
	GlobalSection(ExtensibilityGlobals) = postSolution
		SolutionGuid = {6EDE27B2-C305-4501-9F83-DBA560D0FCE2}
	EndGlobalSection
EndGlobal
